{
    "_readme": [
        "This file locks the dependencies of your project to a known state",
        "Read more about it at https://getcomposer.org/doc/01-basic-usage.md#installing-dependencies",
        "This file is @generated automatically"
    ],
    "content-hash": "b2d14ea43c356a0dc2349f1e41af88c6",
    "packages": [
        {
            "name": "geekcom/phpjasper",
            "version": "3.4.0",
            "source": {
                "type": "git",
                "url": "https://github.com/PHPJasper/phpjasper.git",
                "reference": "bae2d6c0064ee32e5f478e0208af419ba3fcb2ee"
            },
            "dist": {
                "type": "zip",
                "url": "https://api.github.com/repos/PHPJasper/phpjasper/zipball/bae2d6c0064ee32e5f478e0208af419ba3fcb2ee",
                "reference": "bae2d6c0064ee32e5f478e0208af419ba3fcb2ee",
                "shasum": ""
            },
            "require": {
                "php": "^7.2|^8.0"
            },
            "require-dev": {
                "php-coveralls/php-coveralls": "^2.2",
                "phpstan/phpstan": "^0.12.5",
                "phpunit/phpunit": "^8.4|^9.4",
                "squizlabs/php_codesniffer": "*"
            },
            "type": "library",
            "autoload": {
                "psr-4": {
                    "PHPJasper\\": "src/"
                }
            },
            "notification-url": "https://packagist.org/downloads/",
            "license": [
                "MIT"
            ],
            "authors": [
                {
                    "name": "Daniel Rodrigues Lima",
                    "email": "geekcom@php.net",
                    "role": "lead"
                }
            ],
            "description": "A PHP report generator",
            "keywords": [
                "pdf",
                "php-reports",
                "reports"
            ],
            "support": {
                "issues": "https://github.com/PHPJasper/phpjasper/issues",
                "source": "https://github.com/PHPJasper/phpjasper/tree/3.4.0"
            },
            "funding": [
                {
                    "url": "https://nubank.com.br/pagar/518o5/zVBzxd00Sb",
                    "type": "custom"
                }
            ],
            "time": "2023-11-05T17:24:54+00:00"
        }
    ],
    "packages-dev": [],
    "aliases": [],
    "minimum-stability": "stable",
    "stability-flags": [],
    "prefer-stable": false,
    "prefer-lowest": false,
    "platform": {
        "php": "^7.2|^8.0"
    },
    "platform-dev": [],
    "plugin-api-version": "2.6.0"
}
